
Microsoft Visual Studio Solution File, Format Version 12.00
# Visual Studio Version 17
VisualStudioVersion = 17.13.35919.96 d17.13
MinimumVisualStudioVersion = 10.0.40219.1
Project("{FAE04EC0-301F-11D3-BF4B-00C04F79EFBC}") = "KD.MIRACLE.PLUGIN", "KD.MIRACLE.PLUGIN.csproj", "{35CB8668-DFCD-4851-9A3C-0FD467C1F632}"
EndProject
Global
	GlobalSection(SolutionConfigurationPlatforms) = preSolution
		Debug|Any CPU = Debug|Any CPU
		Release|Any CPU = Release|Any CPU
	EndGlobalSection
	GlobalSection(ProjectConfigurationPlatforms) = postSolution
		{35CB8668-DFCD-4851-9A3C-0FD467C1F632}.Debug|Any CPU.ActiveCfg = Debug|Any CPU
		{35CB8668-DFCD-4851-9A3C-0FD467C1F632}.Debug|Any CPU.Build.0 = Debug|Any CPU
		{35CB8668-DFCD-4851-9A3C-0FD467C1F632}.Release|Any CPU.ActiveCfg = Release|Any CPU
		{35CB8668-DFCD-4851-9A3C-0FD467C1F632}.Release|Any CPU.Build.0 = Release|Any CPU
	EndGlobalSection
	GlobalSection(SolutionProperties) = preSolution
		HideSolutionNode = FALSE
	EndGlobalSection
	GlobalSection(ExtensibilityGlobals) = postSolution
		SolutionGuid = {E6A9173D-D0D6-411C-860E-D55C7B4EE87F}
	EndGlobalSection
EndGlobal
